
Microsoft Visual Studio Solution File, Format Version 12.00
# Visual Studio Version 16
VisualStudioVersion = 16.0.31205.134
MinimumVisualStudioVersion = 10.0.40219.1
Project("{FAE04EC0-301F-11D3-BF4B-00C04F79EFBC}") = "WebApplication3", "WebApplication3.csproj", "{78006CF3-D595-464D-A95B-AFED497D34BF}"
EndProject
Global
	GlobalSection(SolutionConfigurationPlatforms) = preSolution
		Debug|Any CPU = Debug|Any CPU
		Release|Any CPU = Release|Any CPU
	EndGlobalSection
	GlobalSection(ProjectConfigurationPlatforms) = postSolution
		{78006CF3-D595-464D-A95B-AFED497D34BF}.Debug|Any CPU.ActiveCfg = Debug|Any CPU
		{78006CF3-D595-464D-A95B-AFED497D34BF}.Debug|Any CPU.Build.0 = Debug|Any CPU
		{78006CF3-D595-464D-A95B-AFED497D34BF}.Release|Any CPU.ActiveCfg = Release|Any CPU
		{78006CF3-D595-464D-A95B-AFED497D34BF}.Release|Any CPU.Build.0 = Release|Any CPU
	EndGlobalSection
	GlobalSection(SolutionProperties) = preSolution
		HideSolutionNode = FALSE
	EndGlobalSection
	GlobalSection(ExtensibilityGlobals) = postSolution
		SolutionGuid = {2B622EED-0553-4530-9931-81DE89769AF9}
	EndGlobalSection
EndGlobal
